// !$*UTF8*$!
{
	archiveVersion = 1;
	classes = {
	};
	objectVersion = 46;
	objects = {

/* Begin PBXBuildFile section */
		210095CD1580CC29008D4BD8 /* libz.1.2.5.dylib in Frameworks */ = {isa = PBXBuildFile; fileRef = 210095CC1580CC29008D4BD8 /* libz.1.2.5.dylib */; };
		210095CF1580CC57008D4BD8 /* SystemConfiguration.framework in Frameworks */ = {isa = PBXBuildFile; fileRef = 210095CE1580CC57008D4BD8 /* SystemConfiguration.framework */; };
		210095D11580CC63008D4BD8 /* CFNetwork.framework in Frameworks */ = {isa = PBXBuildFile; fileRef = 210095D01580CC63008D4BD8 /* CFNetwork.framework */; };
		210095D31580CC6D008D4BD8 /* MobileCoreServices.framework in Frameworks */ = {isa = PBXBuildFile; fileRef = 210095D21580CC6D008D4BD8 /* MobileCoreServices.framework */; };
		21835C9B157F6FA00027BD27 /* UIKit.framework in Frameworks */ = {isa = PBXBuildFile; fileRef = 21835C9A157F6FA00027BD27 /* UIKit.framework */; };
		21835C9D157F6FA00027BD27 /* Foundation.framework in Frameworks */ = {isa = PBXBuildFile; fileRef = 21835C9C157F6FA00027BD27 /* Foundation.framework */; };
		21835C9F157F6FA00027BD27 /* CoreGraphics.framework in Frameworks */ = {isa = PBXBuildFile; fileRef = 21835C9E157F6FA00027BD27 /* CoreGraphics.framework */; };
		21835CA5157F6FA00027BD27 /* InfoPlist.strings in Resources */ = {isa = PBXBuildFile; fileRef = 21835CA3157F6FA00027BD27 /* InfoPlist.strings */; };
		21835CA7157F6FA00027BD27 /* main.m in Sources */ = {isa = PBXBuildFile; fileRef = 21835CA6157F6FA00027BD27 /* main.m */; };
		21835CAB157F6FA00027BD27 /* AppDelegate.m in Sources */ = {isa = PBXBuildFile; fileRef = 21835CAA157F6FA00027BD27 /* AppDelegate.m */; };
		21835CAE157F6FA00027BD27 /* ViewController.m in Sources */ = {isa = PBXBuildFile; fileRef = 21835CAD157F6FA00027BD27 /* ViewController.m */; };
		21835CB1157F6FA00027BD27 /* ViewController.xib in Resources */ = {isa = PBXBuildFile; fileRef = 21835CAF157F6FA00027BD27 /* ViewController.xib */; };
		21835CBF157F80BC0027BD27 /* PreferencesViewController.m in Sources */ = {isa = PBXBuildFile; fileRef = 21835CBD157F80BC0027BD27 /* PreferencesViewController.m */; };
		21835CC0157F80BC0027BD27 /* PreferencesViewController.xib in Resources */ = {isa = PBXBuildFile; fileRef = 21835CBE157F80BC0027BD27 /* PreferencesViewController.xib */; };
		21835CCB157F89C10027BD27 /* FemaleSelected.png in Resources */ = {isa = PBXBuildFile; fileRef = 21835CC7157F89C10027BD27 /* FemaleSelected.png */; };
		21835CCC157F89C10027BD27 /* FemaleUnselected.png in Resources */ = {isa = PBXBuildFile; fileRef = 21835CC8157F89C10027BD27 /* FemaleUnselected.png */; };
		21835CCD157F89C10027BD27 /* MaleSelected.png in Resources */ = {isa = PBXBuildFile; fileRef = 21835CC9157F89C10027BD27 /* MaleSelected.png */; };
		21835CCE157F89C10027BD27 /* MaleUnselected.png in Resources */ = {isa = PBXBuildFile; fileRef = 21835CCA157F89C10027BD27 /* MaleUnselected.png */; };
		21835CD1157F96370027BD27 /* Default.png in Resources */ = {isa = PBXBuildFile; fileRef = 21835CD0157F96370027BD27 /* Default.png */; };
		21835CD3157FA1220027BD27 /* Camera.png in Resources */ = {isa = PBXBuildFile; fileRef = 21835CD2157FA1220027BD27 /* Camera.png */; };
		21E927961581EB9500A622AE /* ASIAuthenticationDialog.m in Sources */ = {isa = PBXBuildFile; fileRef = 21E927851581EB9500A622AE /* ASIAuthenticationDialog.m */; };
		21E927971581EB9500A622AE /* ASIDownloadCache.m in Sources */ = {isa = PBXBuildFile; fileRef = 21E927881581EB9500A622AE /* ASIDownloadCache.m */; };
		21E927981581EB9500A622AE /* ASIFormDataRequest.m in Sources */ = {isa = PBXBuildFile; fileRef = 21E9278A1581EB9500A622AE /* ASIFormDataRequest.m */; };
		21E927991581EB9500A622AE /* ASIHTTPRequest.m in Sources */ = {isa = PBXBuildFile; fileRef = 21E9278C1581EB9500A622AE /* ASIHTTPRequest.m */; };
		21E9279A1581EB9500A622AE /* ASIInputStream.m in Sources */ = {isa = PBXBuildFile; fileRef = 21E927901581EB9500A622AE /* ASIInputStream.m */; };
		21E9279B1581EB9500A622AE /* ASINetworkQueue.m in Sources */ = {isa = PBXBuildFile; fileRef = 21E927921581EB9500A622AE /* ASINetworkQueue.m */; };
		21E9279C1581EB9500A622AE /* Reachability.m in Sources */ = {isa = PBXBuildFile; fileRef = 21E927951581EB9500A622AE /* Reachability.m */; };
/* End PBXBuildFile section */

/* Begin PBXFileReference section */
		210095CC1580CC29008D4BD8 /* libz.1.2.5.dylib */ = {isa = PBXFileReference; lastKnownFileType = "compiled.mach-o.dylib"; name = libz.1.2.5.dylib; path = usr/lib/libz.1.2.5.dylib; sourceTree = SDKROOT; };
		210095CE1580CC57008D4BD8 /* SystemConfiguration.framework */ = {isa = PBXFileReference; lastKnownFileType = wrapper.framework; name = SystemConfiguration.framework; path = System/Library/Frameworks/SystemConfiguration.framework; sourceTree = SDKROOT; };
		210095D01580CC63008D4BD8 /* CFNetwork.framework */ = {isa = PBXFileReference; lastKnownFileType = wrapper.framework; name = CFNetwork.framework; path = System/Library/Frameworks/CFNetwork.framework; sourceTree = SDKROOT; };
		210095D21580CC6D008D4BD8 /* MobileCoreServices.framework */ = {isa = PBXFileReference; lastKnownFileType = wrapper.framework; name = MobileCoreServices.framework; path = System/Library/Frameworks/MobileCoreServices.framework; sourceTree = SDKROOT; };
		21835C96157F6FA00027BD27 /* AfterParty.app */ = {isa = PBXFileReference; explicitFileType = wrapper.application; includeInIndex = 0; path = AfterParty.app; sourceTree = BUILT_PRODUCTS_DIR; };
		21835C9A157F6FA00027BD27 /* UIKit.framework */ = {isa = PBXFileReference; lastKnownFileType = wrapper.framework; name = UIKit.framework; path = System/Library/Frameworks/UIKit.framework; sourceTree = SDKROOT; };
		21835C9C157F6FA00027BD27 /* Foundation.framework */ = {isa = PBXFileReference; lastKnownFileType = wrapper.framework; name = Foundation.framework; path = System/Library/Frameworks/Foundation.framework; sourceTree = SDKROOT; };
		21835C9E157F6FA00027BD27 /* CoreGraphics.framework */ = {isa = PBXFileReference; lastKnownFileType = wrapper.framework; name = CoreGraphics.framework; path = System/Library/Frameworks/CoreGraphics.framework; sourceTree = SDKROOT; };
		21835CA2157F6FA00027BD27 /* AfterParty-Info.plist */ = {isa = PBXFileReference; lastKnownFileType = text.plist.xml; path = "AfterParty-Info.plist"; sourceTree = "<group>"; };
		21835CA4157F6FA00027BD27 /* en */ = {isa = PBXFileReference; lastKnownFileType = text.plist.strings; name = en; path = en.lproj/InfoPlist.strings; sourceTree = "<group>"; };
		21835CA6157F6FA00027BD27 /* main.m */ = {isa = PBXFileReference; lastKnownFileType = sourcecode.c.objc; path = main.m; sourceTree = "<group>"; };
		21835CA8157F6FA00027BD27 /* AfterParty-Prefix.pch */ = {isa = PBXFileReference; lastKnownFileType = sourcecode.c.h; path = "AfterParty-Prefix.pch"; sourceTree = "<group>"; };
		21835CA9157F6FA00027BD27 /* AppDelegate.h */ = {isa = PBXFileReference; lastKnownFileType = sourcecode.c.h; path = AppDelegate.h; sourceTree = "<group>"; };
		21835CAA157F6FA00027BD27 /* AppDelegate.m */ = {isa = PBXFileReference; lastKnownFileType = sourcecode.c.objc; path = AppDelegate.m; sourceTree = "<group>"; };
		21835CAC157F6FA00027BD27 /* ViewController.h */ = {isa = PBXFileReference; lastKnownFileType = sourcecode.c.h; path = ViewController.h; sourceTree = "<group>"; };
		21835CAD157F6FA00027BD27 /* ViewController.m */ = {isa = PBXFileReference; lastKnownFileType = sourcecode.c.objc; path = ViewController.m; sourceTree = "<group>"; };
		21835CB0157F6FA00027BD27 /* en */ = {isa = PBXFileReference; lastKnownFileType = file.xib; name = en; path = en.lproj/ViewController.xib; sourceTree = "<group>"; };
		21835CBC157F80BC0027BD27 /* PreferencesViewController.h */ = {isa = PBXFileReference; fileEncoding = 4; lastKnownFileType = sourcecode.c.h; path = PreferencesViewController.h; sourceTree = "<group>"; };
		21835CBD157F80BC0027BD27 /* PreferencesViewController.m */ = {isa = PBXFileReference; fileEncoding = 4; lastKnownFileType = sourcecode.c.objc; path = PreferencesViewController.m; sourceTree = "<group>"; };
		21835CBE157F80BC0027BD27 /* PreferencesViewController.xib */ = {isa = PBXFileReference; fileEncoding = 4; lastKnownFileType = file.xib; path = PreferencesViewController.xib; sourceTree = "<group>"; };
		21835CC7157F89C10027BD27 /* FemaleSelected.png */ = {isa = PBXFileReference; lastKnownFileType = image.png; path = FemaleSelected.png; sourceTree = "<group>"; };
		21835CC8157F89C10027BD27 /* FemaleUnselected.png */ = {isa = PBXFileReference; lastKnownFileType = image.png; path = FemaleUnselected.png; sourceTree = "<group>"; };
		21835CC9157F89C10027BD27 /* MaleSelected.png */ = {isa = PBXFileReference; lastKnownFileType = image.png; path = MaleSelected.png; sourceTree = "<group>"; };
		21835CCA157F89C10027BD27 /* MaleUnselected.png */ = {isa = PBXFileReference; lastKnownFileType = image.png; path = MaleUnselected.png; sourceTree = "<group>"; };
		21835CD0157F96370027BD27 /* Default.png */ = {isa = PBXFileReference; lastKnownFileType = image.png; path = Default.png; sourceTree = "<group>"; };
		21835CD2157FA1220027BD27 /* Camera.png */ = {isa = PBXFileReference; lastKnownFileType = image.png; path = Camera.png; sourceTree = "<group>"; };
		21E927841581EB9500A622AE /* ASIAuthenticationDialog.h */ = {isa = PBXFileReference; fileEncoding = 4; lastKnownFileType = sourcecode.c.h; path = ASIAuthenticationDialog.h; sourceTree = "<group>"; };
		21E927851581EB9500A622AE /* ASIAuthenticationDialog.m */ = {isa = PBXFileReference; fileEncoding = 4; lastKnownFileType = sourcecode.c.objc; path = ASIAuthenticationDialog.m; sourceTree = "<group>"; };
		21E927861581EB9500A622AE /* ASICacheDelegate.h */ = {isa = PBXFileReference; fileEncoding = 4; lastKnownFileType = sourcecode.c.h; path = ASICacheDelegate.h; sourceTree = "<group>"; };
		21E927871581EB9500A622AE /* ASIDownloadCache.h */ = {isa = PBXFileReference; fileEncoding = 4; lastKnownFileType = sourcecode.c.h; path = ASIDownloadCache.h; sourceTree = "<group>"; };
		21E927881581EB9500A622AE /* ASIDownloadCache.m */ = {isa = PBXFileReference; fileEncoding = 4; lastKnownFileType = sourcecode.c.objc; path = ASIDownloadCache.m; sourceTree = "<group>"; };
		21E927891581EB9500A622AE /* ASIFormDataRequest.h */ = {isa = PBXFileReference; fileEncoding = 4; lastKnownFileType = sourcecode.c.h; path = ASIFormDataRequest.h; sourceTree = "<group>"; };
		21E9278A1581EB9500A622AE /* ASIFormDataRequest.m */ = {isa = PBXFileReference; fileEncoding = 4; lastKnownFileType = sourcecode.c.objc; path = ASIFormDataRequest.m; sourceTree = "<group>"; };
		21E9278B1581EB9500A622AE /* ASIHTTPRequest.h */ = {isa = PBXFileReference; fileEncoding = 4; lastKnownFileType = sourcecode.c.h; path = ASIHTTPRequest.h; sourceTree = "<group>"; };
		21E9278C1581EB9500A622AE /* ASIHTTPRequest.m */ = {isa = PBXFileReference; fileEncoding = 4; lastKnownFileType = sourcecode.c.objc; path = ASIHTTPRequest.m; sourceTree = "<group>"; };
		21E9278D1581EB9500A622AE /* ASIHTTPRequestConfig.h */ = {isa = PBXFileReference; fileEncoding = 4; lastKnownFileType = sourcecode.c.h; path = ASIHTTPRequestConfig.h; sourceTree = "<group>"; };
		21E9278E1581EB9500A622AE /* ASIHTTPRequestDelegate.h */ = {isa = PBXFileReference; fileEncoding = 4; lastKnownFileType = sourcecode.c.h; path = ASIHTTPRequestDelegate.h; sourceTree = "<group>"; };
		21E9278F1581EB9500A622AE /* ASIInputStream.h */ = {isa = PBXFileReference; fileEncoding = 4; lastKnownFileType = sourcecode.c.h; path = ASIInputStream.h; sourceTree = "<group>"; };
		21E927901581EB9500A622AE /* ASIInputStream.m */ = {isa = PBXFileReference; fileEncoding = 4; lastKnownFileType = sourcecode.c.objc; path = ASIInputStream.m; sourceTree = "<group>"; };
		21E927911581EB9500A622AE /* ASINetworkQueue.h */ = {isa = PBXFileReference; fileEncoding = 4; lastKnownFileType = sourcecode.c.h; path = ASINetworkQueue.h; sourceTree = "<group>"; };
		21E927921581EB9500A622AE /* ASINetworkQueue.m */ = {isa = PBXFileReference; fileEncoding = 4; lastKnownFileType = sourcecode.c.objc; path = ASINetworkQueue.m; sourceTree = "<group>"; };
		21E927931581EB9500A622AE /* ASIProgressDelegate.h */ = {isa = PBXFileReference; fileEncoding = 4; lastKnownFileType = sourcecode.c.h; path = ASIProgressDelegate.h; sourceTree = "<group>"; };
		21E927941581EB9500A622AE /* Reachability.h */ = {isa = PBXFileReference; fileEncoding = 4; lastKnownFileType = sourcecode.c.h; path = Reachability.h; sourceTree = "<group>"; };
		21E927951581EB9500A622AE /* Reachability.m */ = {isa = PBXFileReference; fileEncoding = 4; lastKnownFileType = sourcecode.c.objc; path = Reachability.m; sourceTree = "<group>"; };
/* End PBXFileReference section */

/* Begin PBXFrameworksBuildPhase section */
		21835C93157F6FA00027BD27 /* Frameworks */ = {
			isa = PBXFrameworksBuildPhase;
			buildActionMask = 2147483647;
			files = (
				210095D31580CC6D008D4BD8 /* MobileCoreServices.framework in Frameworks */,
				210095D11580CC63008D4BD8 /* CFNetwork.framework in Frameworks */,
				210095CF1580CC57008D4BD8 /* SystemConfiguration.framework in Frameworks */,
				210095CD1580CC29008D4BD8 /* libz.1.2.5.dylib in Frameworks */,
				21835C9B157F6FA00027BD27 /* UIKit.framework in Frameworks */,
				21835C9D157F6FA00027BD27 /* Foundation.framework in Frameworks */,
				21835C9F157F6FA00027BD27 /* CoreGraphics.framework in Frameworks */,
			);
			runOnlyForDeploymentPostprocessing = 0;
		};
/* End PBXFrameworksBuildPhase section */

/* Begin PBXGroup section */
		210095D41580CD70008D4BD8 /* ASIHTTP */ = {
			isa = PBXGroup;
			children = (
				21E927841581EB9500A622AE /* ASIAuthenticationDialog.h */,
				21E927851581EB9500A622AE /* ASIAuthenticationDialog.m */,
				21E927861581EB9500A622AE /* ASICacheDelegate.h */,
				21E927871581EB9500A622AE /* ASIDownloadCache.h */,
				21E927881581EB9500A622AE /* ASIDownloadCache.m */,
				21E927891581EB9500A622AE /* ASIFormDataRequest.h */,
				21E9278A1581EB9500A622AE /* ASIFormDataRequest.m */,
				21E9278B1581EB9500A622AE /* ASIHTTPRequest.h */,
				21E9278C1581EB9500A622AE /* ASIHTTPRequest.m */,
				21E9278D1581EB9500A622AE /* ASIHTTPRequestConfig.h */,
				21E9278E1581EB9500A622AE /* ASIHTTPRequestDelegate.h */,
				21E9278F1581EB9500A622AE /* ASIInputStream.h */,
				21E927901581EB9500A622AE /* ASIInputStream.m */,
				21E927911581EB9500A622AE /* ASINetworkQueue.h */,
				21E927921581EB9500A622AE /* ASINetworkQueue.m */,
				21E927931581EB9500A622AE /* ASIProgressDelegate.h */,
				21E927941581EB9500A622AE /* Reachability.h */,
				21E927951581EB9500A622AE /* Reachability.m */,
			);
			name = ASIHTTP;
			sourceTree = "<group>";
		};
		21835C8B157F6FA00027BD27 = {
			isa = PBXGroup;
			children = (
				21835CA0157F6FA00027BD27 /* AfterParty */,
				21835C99157F6FA00027BD27 /* Frameworks */,
				21835C97157F6FA00027BD27 /* Products */,
			);
			sourceTree = "<group>";
		};
		21835C97157F6FA00027BD27 /* Products */ = {
			isa = PBXGroup;
			children = (
				21835C96157F6FA00027BD27 /* AfterParty.app */,
			);
			name = Products;
			sourceTree = "<group>";
		};
		21835C99157F6FA00027BD27 /* Frameworks */ = {
			isa = PBXGroup;
			children = (
				210095CC1580CC29008D4BD8 /* libz.1.2.5.dylib */,
				210095D21580CC6D008D4BD8 /* MobileCoreServices.framework */,
				210095D01580CC63008D4BD8 /* CFNetwork.framework */,
				210095CE1580CC57008D4BD8 /* SystemConfiguration.framework */,
				21835C9A157F6FA00027BD27 /* UIKit.framework */,
				21835C9C157F6FA00027BD27 /* Foundation.framework */,
				21835C9E157F6FA00027BD27 /* CoreGraphics.framework */,
			);
			name = Frameworks;
			sourceTree = "<group>";
		};
		21835CA0157F6FA00027BD27 /* AfterParty */ = {
			isa = PBXGroup;
			children = (
				210095D41580CD70008D4BD8 /* ASIHTTP */,
				21835CCF157F89C50027BD27 /* Images */,
				21835CA9157F6FA00027BD27 /* AppDelegate.h */,
				21835CAA157F6FA00027BD27 /* AppDelegate.m */,
				21835CC2157F80D20027BD27 /* Timer */,
				21835CC1157F80C80027BD27 /* Preferences */,
				21835CA1157F6FA00027BD27 /* Supporting Files */,
			);
			path = AfterParty;
			sourceTree = "<group>";
		};
		21835CA1157F6FA00027BD27 /* Supporting Files */ = {
			isa = PBXGroup;
			children = (
				21835CA2157F6FA00027BD27 /* AfterParty-Info.plist */,
				21835CA3157F6FA00027BD27 /* InfoPlist.strings */,
				21835CA6157F6FA00027BD27 /* main.m */,
				21835CA8157F6FA00027BD27 /* AfterParty-Prefix.pch */,
			);
			name = "Supporting Files";
			sourceTree = "<group>";
		};
		21835CC1157F80C80027BD27 /* Preferences */ = {
			isa = PBXGroup;
			children = (
				21835CBC157F80BC0027BD27 /* PreferencesViewController.h */,
				21835CBD157F80BC0027BD27 /* PreferencesViewController.m */,
				21835CBE157F80BC0027BD27 /* PreferencesViewController.xib */,
			);
			name = Preferences;
			sourceTree = "<group>";
		};
		21835CC2157F80D20027BD27 /* Timer */ = {
			isa = PBXGroup;
			children = (
				21835CAC157F6FA00027BD27 /* ViewController.h */,
				21835CAD157F6FA00027BD27 /* ViewController.m */,
				21835CAF157F6FA00027BD27 /* ViewController.xib */,
			);
			name = Timer;
			sourceTree = "<group>";
		};
		21835CCF157F89C50027BD27 /* Images */ = {
			isa = PBXGroup;
			children = (
				21835CD0157F96370027BD27 /* Default.png */,
				21835CD2157FA1220027BD27 /* Camera.png */,
				21835CC7157F89C10027BD27 /* FemaleSelected.png */,
				21835CC8157F89C10027BD27 /* FemaleUnselected.png */,
				21835CC9157F89C10027BD27 /* MaleSelected.png */,
				21835CCA157F89C10027BD27 /* MaleUnselected.png */,
			);
			name = Images;
			sourceTree = "<group>";
		};
/* End PBXGroup section */

/* Begin PBXNativeTarget section */
		21835C95157F6FA00027BD27 /* AfterParty */ = {
			isa = PBXNativeTarget;
			buildConfigurationList = 21835CB4157F6FA00027BD27 /* Build configuration list for PBXNativeTarget "AfterParty" */;
			buildPhases = (
				21835C92157F6FA00027BD27 /* Sources */,
				21835C93157F6FA00027BD27 /* Frameworks */,
				21835C94157F6FA00027BD27 /* Resources */,
			);
			buildRules = (
			);
			dependencies = (
			);
			name = AfterParty;
			productName = AfterParty;
			productReference = 21835C96157F6FA00027BD27 /* AfterParty.app */;
			productType = "com.apple.product-type.application";
		};
/* End PBXNativeTarget section */

/* Begin PBXProject section */
		21835C8D157F6FA00027BD27 /* Project object */ = {
			isa = PBXProject;
			attributes = {
				LastUpgradeCheck = 0430;
			};
			buildConfigurationList = 21835C90157F6FA00027BD27 /* Build configuration list for PBXProject "AfterParty" */;
			compatibilityVersion = "Xcode 3.2";
			developmentRegion = English;
			hasScannedForEncodings = 0;
			knownRegions = (
				en,
			);
			mainGroup = 21835C8B157F6FA00027BD27;
			productRefGroup = 21835C97157F6FA00027BD27 /* Products */;
			projectDirPath = "";
			projectRoot = "";
			targets = (
				21835C95157F6FA00027BD27 /* AfterParty */,
			);
		};
/* End PBXProject section */

/* Begin PBXResourcesBuildPhase section */
		21835C94157F6FA00027BD27 /* Resources */ = {
			isa = PBXResourcesBuildPhase;
			buildActionMask = 2147483647;
			files = (
				21835CA5157F6FA00027BD27 /* InfoPlist.strings in Resources */,
				21835CB1157F6FA00027BD27 /* ViewController.xib in Resources */,
				21835CC0157F80BC0027BD27 /* PreferencesViewController.xib in Resources */,
				21835CCB157F89C10027BD27 /* FemaleSelected.png in Resources */,
				21835CCC157F89C10027BD27 /* FemaleUnselected.png in Resources */,
				21835CCD157F89C10027BD27 /* MaleSelected.png in Resources */,
				21835CCE157F89C10027BD27 /* MaleUnselected.png in Resources */,
				21835CD1157F96370027BD27 /* Default.png in Resources */,
				21835CD3157FA1220027BD27 /* Camera.png in Resources */,
			);
			runOnlyForDeploymentPostprocessing = 0;
		};
/* End PBXResourcesBuildPhase section */

/* Begin PBXSourcesBuildPhase section */
		21835C92157F6FA00027BD27 /* Sources */ = {
			isa = PBXSourcesBuildPhase;
			buildActionMask = 2147483647;
			files = (
				21835CA7157F6FA00027BD27 /* main.m in Sources */,
				21835CAB157F6FA00027BD27 /* AppDelegate.m in Sources */,
				21835CAE157F6FA00027BD27 /* ViewController.m in Sources */,
				21835CBF157F80BC0027BD27 /* PreferencesViewController.m in Sources */,
				21E927961581EB9500A622AE /* ASIAuthenticationDialog.m in Sources */,
				21E927971581EB9500A622AE /* ASIDownloadCache.m in Sources */,
				21E927981581EB9500A622AE /* ASIFormDataRequest.m in Sources */,
				21E927991581EB9500A622AE /* ASIHTTPRequest.m in Sources */,
				21E9279A1581EB9500A622AE /* ASIInputStream.m in Sources */,
				21E9279B1581EB9500A622AE /* ASINetworkQueue.m in Sources */,
				21E9279C1581EB9500A622AE /* Reachability.m in Sources */,
			);
			runOnlyForDeploymentPostprocessing = 0;
		};
/* End PBXSourcesBuildPhase section */

/* Begin PBXVariantGroup section */
		21835CA3157F6FA00027BD27 /* InfoPlist.strings */ = {
			isa = PBXVariantGroup;
			children = (
				21835CA4157F6FA00027BD27 /* en */,
			);
			name = InfoPlist.strings;
			sourceTree = "<group>";
		};
		21835CAF157F6FA00027BD27 /* ViewController.xib */ = {
			isa = PBXVariantGroup;
			children = (
				21835CB0157F6FA00027BD27 /* en */,
			);
			name = ViewController.xib;
			sourceTree = "<group>";
		};
/* End PBXVariantGroup section */

/* Begin XCBuildConfiguration section */
		21835CB2157F6FA00027BD27 /* Debug */ = {
			isa = XCBuildConfiguration;
			buildSettings = {
				ALWAYS_SEARCH_USER_PATHS = NO;
				ARCHS = "$(ARCHS_STANDARD_32_BIT)";
				CODE_SIGN_IDENTITY = "iPhone Developer: Aniket Awati (5RDSLHQQKC)";
				"CODE_SIGN_IDENTITY[sdk=iphoneos*]" = "iPhone Developer: Aniket Awati (5RDSLHQQKC)";
				COPY_PHASE_STRIP = NO;
				GCC_C_LANGUAGE_STANDARD = gnu99;
				GCC_DYNAMIC_NO_PIC = NO;
				GCC_OPTIMIZATION_LEVEL = 0;
				GCC_PREPROCESSOR_DEFINITIONS = (
					"DEBUG=1",
					"$(inherited)",
				);
				GCC_SYMBOLS_PRIVATE_EXTERN = NO;
				GCC_VERSION = com.apple.compilers.llvm.clang.1_0;
				GCC_WARN_ABOUT_RETURN_TYPE = YES;
				GCC_WARN_UNINITIALIZED_AUTOS = YES;
				GCC_WARN_UNUSED_VARIABLE = YES;
				IPHONEOS_DEPLOYMENT_TARGET = 5.1;
				PROVISIONING_PROFILE = "";
				"PROVISIONING_PROFILE[sdk=iphoneos*]" = "";
				SDKROOT = iphoneos;
			};
			name = Debug;
		};
		21835CB3157F6FA00027BD27 /* Release */ = {
			isa = XCBuildConfiguration;
			buildSettings = {
				ALWAYS_SEARCH_USER_PATHS = NO;
				ARCHS = "$(ARCHS_STANDARD_32_BIT)";
				CODE_SIGN_IDENTITY = "iPhone Developer: Aniket Awati (5RDSLHQQKC)";
				"CODE_SIGN_IDENTITY[sdk=iphoneos*]" = "iPhone Developer: Aniket Awati (5RDSLHQQKC)";
				COPY_PHASE_STRIP = YES;
				GCC_C_LANGUAGE_STANDARD = gnu99;
				GCC_VERSION = com.apple.compilers.llvm.clang.1_0;
				GCC_WARN_ABOUT_RETURN_TYPE = YES;
				GCC_WARN_UNINITIALIZED_AUTOS = YES;
				GCC_WARN_UNUSED_VARIABLE = YES;
				IPHONEOS_DEPLOYMENT_TARGET = 5.1;
				OTHER_CFLAGS = "-DNS_BLOCK_ASSERTIONS=1";
				PROVISIONING_PROFILE = "";
				"PROVISIONING_PROFILE[sdk=iphoneos*]" = "";
				SDKROOT = iphoneos;
				VALIDATE_PRODUCT = YES;
			};
			name = Release;
		};
		21835CB5157F6FA00027BD27 /* Debug */ = {
			isa = XCBuildConfiguration;
			buildSettings = {
				GCC_PRECOMPILE_PREFIX_HEADER = YES;
				GCC_PREFIX_HEADER = "AfterParty/AfterParty-Prefix.pch";
				INFOPLIST_FILE = "AfterParty/AfterParty-Info.plist";
				IPHONEOS_DEPLOYMENT_TARGET = 5.1;
				PRODUCT_NAME = "$(TARGET_NAME)";
				TARGETED_DEVICE_FAMILY = 1;
				WRAPPER_EXTENSION = app;
			};
			name = Debug;
		};
		21835CB6157F6FA00027BD27 /* Release */ = {
			isa = XCBuildConfiguration;
			buildSettings = {
				GCC_PRECOMPILE_PREFIX_HEADER = YES;
				GCC_PREFIX_HEADER = "AfterParty/AfterParty-Prefix.pch";
				INFOPLIST_FILE = "AfterParty/AfterParty-Info.plist";
				IPHONEOS_DEPLOYMENT_TARGET = 5.1;
				PRODUCT_NAME = "$(TARGET_NAME)";
				TARGETED_DEVICE_FAMILY = 1;
				WRAPPER_EXTENSION = app;
			};
			name = Release;
		};
/* End XCBuildConfiguration section */

/* Begin XCConfigurationList section */
		21835C90157F6FA00027BD27 /* Build configuration list for PBXProject "AfterParty" */ = {
			isa = XCConfigurationList;
			buildConfigurations = (
				21835CB2157F6FA00027BD27 /* Debug */,
				21835CB3157F6FA00027BD27 /* Release */,
			);
			defaultConfigurationIsVisible = 0;
			defaultConfigurationName = Release;
		};
		21835CB4157F6FA00027BD27 /* Build configuration list for PBXNativeTarget "AfterParty" */ = {
			isa = XCConfigurationList;
			buildConfigurations = (
				21835CB5157F6FA00027BD27 /* Debug */,
				21835CB6157F6FA00027BD27 /* Release */,
			);
			defaultConfigurationIsVisible = 0;
			defaultConfigurationName = Release;
		};
/* End XCConfigurationList section */
	};
	rootObject = 21835C8D157F6FA00027BD27 /* Project object */;
}
